
Microsoft Visual Studio Solution File, Format Version 12.00
Project("{FAE04EC0-301F-11D3-BF4B-00C04F79EFBC}") = "HelloKitty", "HelloKitty\HelloKitty.csproj", "{4A82BDA7-3364-440B-80FC-6AE6FCD46FAA}"
EndProject
Global
	GlobalSection(SolutionConfigurationPlatforms) = preSolution
		Debug|Any CPU = Debug|Any CPU
		Release|Any CPU = Release|Any CPU
	EndGlobalSection
	GlobalSection(ProjectConfigurationPlatforms) = postSolution
		{4A82BDA7-3364-440B-80FC-6AE6FCD46FAA}.Debug|Any CPU.ActiveCfg = Debug|Any CPU
		{4A82BDA7-3364-440B-80FC-6AE6FCD46FAA}.Debug|Any CPU.Build.0 = Debug|Any CPU
		{4A82BDA7-3364-440B-80FC-6AE6FCD46FAA}.Release|Any CPU.ActiveCfg = Release|Any CPU
		{4A82BDA7-3364-440B-80FC-6AE6FCD46FAA}.Release|Any CPU.Build.0 = Release|Any CPU
	EndGlobalSection
EndGlobal
